
Microsoft Visual Studio Solution File, Format Version 12.00
# Visual Studio Version 16
VisualStudioVersion = 16.0.30503.244
MinimumVisualStudioVersion = 10.0.40219.1
Project("{888888A0-9F3D-457C-B088-3A5042F75D52}") = "OCR_RNN", "OCR_RNN\OCR_RNN.pyproj", "{7E7BE3E4-E91C-4905-8EC0-6B85FC6F9412}"
EndProject
Global
	GlobalSection(SolutionConfigurationPlatforms) = preSolution
		Debug|Any CPU = Debug|Any CPU
		Release|Any CPU = Release|Any CPU
	EndGlobalSection
	GlobalSection(ProjectConfigurationPlatforms) = postSolution
		{7E7BE3E4-E91C-4905-8EC0-6B85FC6F9412}.Debug|Any CPU.ActiveCfg = Debug|Any CPU
		{7E7BE3E4-E91C-4905-8EC0-6B85FC6F9412}.Release|Any CPU.ActiveCfg = Release|Any CPU
	EndGlobalSection
	GlobalSection(SolutionProperties) = preSolution
		HideSolutionNode = FALSE
	EndGlobalSection
	GlobalSection(ExtensibilityGlobals) = postSolution
		SolutionGuid = {FDB61587-1BA6-4849-AD5C-4539F789E130}
	EndGlobalSection
EndGlobal
