
Microsoft Visual Studio Solution File, Format Version 12.00
# Visual Studio Version 16
VisualStudioVersion = 16.0.30503.244
MinimumVisualStudioVersion = 10.0.40219.1
Project("{888888A0-9F3D-457C-B088-3A5042F75D52}") = "Voyageur", "Voyageur\Voyageur.pyproj", "{3A22DBA1-7F53-4C17-94BF-A3E55856162E}"
EndProject
Global
	GlobalSection(SolutionConfigurationPlatforms) = preSolution
		Debug|Any CPU = Debug|Any CPU
		Release|Any CPU = Release|Any CPU
	EndGlobalSection
	GlobalSection(ProjectConfigurationPlatforms) = postSolution
		{3A22DBA1-7F53-4C17-94BF-A3E55856162E}.Debug|Any CPU.ActiveCfg = Debug|Any CPU
		{3A22DBA1-7F53-4C17-94BF-A3E55856162E}.Release|Any CPU.ActiveCfg = Release|Any CPU
	EndGlobalSection
	GlobalSection(SolutionProperties) = preSolution
		HideSolutionNode = FALSE
	EndGlobalSection
	GlobalSection(ExtensibilityGlobals) = postSolution
		SolutionGuid = {F980F668-534A-4222-9AC4-33FC8D17CC57}
	EndGlobalSection
EndGlobal
